
Microsoft Visual Studio Solution File, Format Version 12.00
# Visual Studio Version 16
VisualStudioVersion = 16.0.30907.101
MinimumVisualStudioVersion = 10.0.40219.1
Project("{FAE04EC0-301F-11D3-BF4B-00C04F79EFBC}") = "LearnApp2", "LearnApp2\LearnApp2.csproj", "{FE9BBE4A-DBA3-4EB3-85B6-FECB80E2460E}"
EndProject
Project("{FAE04EC0-301F-11D3-BF4B-00C04F79EFBC}") = "EmployeeDetails.DTO", "EmployeeDetails.DTO\EmployeeDetails.DTO.csproj", "{8562FB6A-31E6-4B10-A8B5-D7B8FC900365}"
EndProject
Project("{FAE04EC0-301F-11D3-BF4B-00C04F79EFBC}") = "EmployeeDetails.DL", "EmployeeDetails.DL\EmployeeDetails.DL.csproj", "{5D391467-B5EE-4A5B-AD4E-2B85BDD7D7F4}"
EndProject
Project("{FAE04EC0-301F-11D3-BF4B-00C04F79EFBC}") = "EmployeeDetails.BL", "EmployeeDetails.BL\EmployeeDetails.BL.csproj", "{408456D1-B338-4A9E-B178-50200856E0F5}"
EndProject
Global
	GlobalSection(SolutionConfigurationPlatforms) = preSolution
		Debug|Any CPU = Debug|Any CPU
		Release|Any CPU = Release|Any CPU
	EndGlobalSection
	GlobalSection(ProjectConfigurationPlatforms) = postSolution
		{FE9BBE4A-DBA3-4EB3-85B6-FECB80E2460E}.Debug|Any CPU.ActiveCfg = Debug|Any CPU
		{FE9BBE4A-DBA3-4EB3-85B6-FECB80E2460E}.Debug|Any CPU.Build.0 = Debug|Any CPU
		{FE9BBE4A-DBA3-4EB3-85B6-FECB80E2460E}.Release|Any CPU.ActiveCfg = Release|Any CPU
		{FE9BBE4A-DBA3-4EB3-85B6-FECB80E2460E}.Release|Any CPU.Build.0 = Release|Any CPU
		{8562FB6A-31E6-4B10-A8B5-D7B8FC900365}.Debug|Any CPU.ActiveCfg = Debug|Any CPU
		{8562FB6A-31E6-4B10-A8B5-D7B8FC900365}.Debug|Any CPU.Build.0 = Debug|Any CPU
		{8562FB6A-31E6-4B10-A8B5-D7B8FC900365}.Release|Any CPU.ActiveCfg = Release|Any CPU
		{8562FB6A-31E6-4B10-A8B5-D7B8FC900365}.Release|Any CPU.Build.0 = Release|Any CPU
		{5D391467-B5EE-4A5B-AD4E-2B85BDD7D7F4}.Debug|Any CPU.ActiveCfg = Debug|Any CPU
		{5D391467-B5EE-4A5B-AD4E-2B85BDD7D7F4}.Debug|Any CPU.Build.0 = Debug|Any CPU
		{5D391467-B5EE-4A5B-AD4E-2B85BDD7D7F4}.Release|Any CPU.ActiveCfg = Release|Any CPU
		{5D391467-B5EE-4A5B-AD4E-2B85BDD7D7F4}.Release|Any CPU.Build.0 = Release|Any CPU
		{408456D1-B338-4A9E-B178-50200856E0F5}.Debug|Any CPU.ActiveCfg = Debug|Any CPU
		{408456D1-B338-4A9E-B178-50200856E0F5}.Debug|Any CPU.Build.0 = Debug|Any CPU
		{408456D1-B338-4A9E-B178-50200856E0F5}.Release|Any CPU.ActiveCfg = Release|Any CPU
		{408456D1-B338-4A9E-B178-50200856E0F5}.Release|Any CPU.Build.0 = Release|Any CPU
	EndGlobalSection
	GlobalSection(SolutionProperties) = preSolution
		HideSolutionNode = FALSE
	EndGlobalSection
	GlobalSection(ExtensibilityGlobals) = postSolution
		SolutionGuid = {BA735680-A044-44DC-9F9C-03391D58655F}
	EndGlobalSection
EndGlobal
